
Microsoft Visual Studio Solution File, Format Version 12.00
# Visual Studio Version 17
VisualStudioVersion = 17.5.002.0
MinimumVisualStudioVersion = 10.0.40219.1
Project("{9A19103F-16F7-4668-BE54-9A1E7A4F7556}") = "software", "software\software.csproj", "{63241515-FDC7-4096-B5C3-6878224AE4DB}"
EndProject
Global
	GlobalSection(SolutionConfigurationPlatforms) = preSolution
		Debug|Any CPU = Debug|Any CPU
		Release|Any CPU = Release|Any CPU
	EndGlobalSection
	GlobalSection(ProjectConfigurationPlatforms) = postSolution
		{63241515-FDC7-4096-B5C3-6878224AE4DB}.Debug|Any CPU.ActiveCfg = Debug|Any CPU
		{63241515-FDC7-4096-B5C3-6878224AE4DB}.Debug|Any CPU.Build.0 = Debug|Any CPU
		{63241515-FDC7-4096-B5C3-6878224AE4DB}.Release|Any CPU.ActiveCfg = Release|Any CPU
		{63241515-FDC7-4096-B5C3-6878224AE4DB}.Release|Any CPU.Build.0 = Release|Any CPU
	EndGlobalSection
	GlobalSection(SolutionProperties) = preSolution
		HideSolutionNode = FALSE
	EndGlobalSection
	GlobalSection(ExtensibilityGlobals) = postSolution
		SolutionGuid = {0BE4B99E-D0B8-4CBF-AE44-E66E8CE2B16E}
	EndGlobalSection
EndGlobal
